
Microsoft Visual Studio Solution File, Format Version 12.00
# Visual Studio 14
VisualStudioVersion = 14.0.25420.1
MinimumVisualStudioVersion = 10.0.40219.1
Project("{F184B08F-C81C-45F6-A57F-5ABD9991F28F}") = "Weather.Core", "Weather.Core\Weather.Core.vbproj", "{9E2C42C1-7A4B-4EE4-8236-112DEE976F80}"
EndProject
Project("{F184B08F-C81C-45F6-A57F-5ABD9991F28F}") = "Weather.Services.Noaa", "Weather.Services.Noaa\Weather.Services.Noaa.vbproj", "{E2B8D5D6-5BD1-4D40-ABEB-214EF522EF2C}"
EndProject
Project("{F184B08F-C81C-45F6-A57F-5ABD9991F28F}") = "Weather.WP8", "Weather.WP8\Weather.WP8.vbproj", "{AD217D14-415E-42C5-9079-1264370F8102}"
EndProject
Project("{F184B08F-C81C-45F6-A57F-5ABD9991F28F}") = "Weather.W8", "Weather.W8\Weather.W8.vbproj", "{D153CE14-F2F8-4EB6-8399-DB1B4BFC69C9}"
EndProject
Project("{F184B08F-C81C-45F6-A57F-5ABD9991F28F}") = "Weather.UWP", "Weather.UWP\Weather.UWP.vbproj", "{7F0C5BC0-7B98-4F63-A7E7-C7588F1B0E97}"
EndProject
Project("{F184B08F-C81C-45F6-A57F-5ABD9991F28F}") = "Weather.WPF", "Weather.WPF\Weather.WPF.vbproj", "{714AB89D-2E01-4EE5-8F60-5EBF31CA01BF}"
EndProject
Project("{F184B08F-C81C-45F6-A57F-5ABD9991F28F}") = "Weather.Core.Tests", "Weather.Core.Tests\Weather.Core.Tests.vbproj", "{949D409C-7334-4448-81F1-3FE228C4968F}"
EndProject
Global
	GlobalSection(SolutionConfigurationPlatforms) = preSolution
		Debug|Any CPU = Debug|Any CPU
		Debug|ARM = Debug|ARM
		Debug|x64 = Debug|x64
		Debug|x86 = Debug|x86
		Release|Any CPU = Release|Any CPU
		Release|ARM = Release|ARM
		Release|x64 = Release|x64
		Release|x86 = Release|x86
	EndGlobalSection
	GlobalSection(ProjectConfigurationPlatforms) = postSolution
		{9E2C42C1-7A4B-4EE4-8236-112DEE976F80}.Debug|Any CPU.ActiveCfg = Debug|Any CPU
		{9E2C42C1-7A4B-4EE4-8236-112DEE976F80}.Debug|Any CPU.Build.0 = Debug|Any CPU
		{9E2C42C1-7A4B-4EE4-8236-112DEE976F80}.Debug|ARM.ActiveCfg = Debug|Any CPU
		{9E2C42C1-7A4B-4EE4-8236-112DEE976F80}.Debug|ARM.Build.0 = Debug|Any CPU
		{9E2C42C1-7A4B-4EE4-8236-112DEE976F80}.Debug|x64.ActiveCfg = Debug|Any CPU
		{9E2C42C1-7A4B-4EE4-8236-112DEE976F80}.Debug|x64.Build.0 = Debug|Any CPU
		{9E2C42C1-7A4B-4EE4-8236-112DEE976F80}.Debug|x86.ActiveCfg = Debug|Any CPU
		{9E2C42C1-7A4B-4EE4-8236-112DEE976F80}.Debug|x86.Build.0 = Debug|Any CPU
		{9E2C42C1-7A4B-4EE4-8236-112DEE976F80}.Release|Any CPU.ActiveCfg = Release|Any CPU
		{9E2C42C1-7A4B-4EE4-8236-112DEE976F80}.Release|Any CPU.Build.0 = Release|Any CPU
		{9E2C42C1-7A4B-4EE4-8236-112DEE976F80}.Release|ARM.ActiveCfg = Release|Any CPU
		{9E2C42C1-7A4B-4EE4-8236-112DEE976F80}.Release|ARM.Build.0 = Release|Any CPU
		{9E2C42C1-7A4B-4EE4-8236-112DEE976F80}.Release|x64.ActiveCfg = Release|Any CPU
		{9E2C42C1-7A4B-4EE4-8236-112DEE976F80}.Release|x64.Build.0 = Release|Any CPU
		{9E2C42C1-7A4B-4EE4-8236-112DEE976F80}.Release|x86.ActiveCfg = Release|Any CPU
		{9E2C42C1-7A4B-4EE4-8236-112DEE976F80}.Release|x86.Build.0 = Release|Any CPU
		{E2B8D5D6-5BD1-4D40-ABEB-214EF522EF2C}.Debug|Any CPU.ActiveCfg = Debug|Any CPU
		{E2B8D5D6-5BD1-4D40-ABEB-214EF522EF2C}.Debug|Any CPU.Build.0 = Debug|Any CPU
		{E2B8D5D6-5BD1-4D40-ABEB-214EF522EF2C}.Debug|ARM.ActiveCfg = Debug|Any CPU
		{E2B8D5D6-5BD1-4D40-ABEB-214EF522EF2C}.Debug|ARM.Build.0 = Debug|Any CPU
		{E2B8D5D6-5BD1-4D40-ABEB-214EF522EF2C}.Debug|x64.ActiveCfg = Debug|Any CPU
		{E2B8D5D6-5BD1-4D40-ABEB-214EF522EF2C}.Debug|x64.Build.0 = Debug|Any CPU
		{E2B8D5D6-5BD1-4D40-ABEB-214EF522EF2C}.Debug|x86.ActiveCfg = Debug|Any CPU
		{E2B8D5D6-5BD1-4D40-ABEB-214EF522EF2C}.Debug|x86.Build.0 = Debug|Any CPU
		{E2B8D5D6-5BD1-4D40-ABEB-214EF522EF2C}.Release|Any CPU.ActiveCfg = Release|Any CPU
		{E2B8D5D6-5BD1-4D40-ABEB-214EF522EF2C}.Release|Any CPU.Build.0 = Release|Any CPU
		{E2B8D5D6-5BD1-4D40-ABEB-214EF522EF2C}.Release|ARM.ActiveCfg = Release|Any CPU
		{E2B8D5D6-5BD1-4D40-ABEB-214EF522EF2C}.Release|ARM.Build.0 = Release|Any CPU
		{E2B8D5D6-5BD1-4D40-ABEB-214EF522EF2C}.Release|x64.ActiveCfg = Release|Any CPU
		{E2B8D5D6-5BD1-4D40-ABEB-214EF522EF2C}.Release|x64.Build.0 = Release|Any CPU
		{E2B8D5D6-5BD1-4D40-ABEB-214EF522EF2C}.Release|x86.ActiveCfg = Release|Any CPU
		{E2B8D5D6-5BD1-4D40-ABEB-214EF522EF2C}.Release|x86.Build.0 = Release|Any CPU
		{AD217D14-415E-42C5-9079-1264370F8102}.Debug|Any CPU.ActiveCfg = Debug|Any CPU
		{AD217D14-415E-42C5-9079-1264370F8102}.Debug|Any CPU.Build.0 = Debug|Any CPU
		{AD217D14-415E-42C5-9079-1264370F8102}.Debug|Any CPU.Deploy.0 = Debug|Any CPU
		{AD217D14-415E-42C5-9079-1264370F8102}.Debug|ARM.ActiveCfg = Debug|ARM
		{AD217D14-415E-42C5-9079-1264370F8102}.Debug|ARM.Build.0 = Debug|ARM
		{AD217D14-415E-42C5-9079-1264370F8102}.Debug|ARM.Deploy.0 = Debug|ARM
		{AD217D14-415E-42C5-9079-1264370F8102}.Debug|x64.ActiveCfg = Debug|Any CPU
		{AD217D14-415E-42C5-9079-1264370F8102}.Debug|x64.Build.0 = Debug|Any CPU
		{AD217D14-415E-42C5-9079-1264370F8102}.Debug|x64.Deploy.0 = Debug|Any CPU
		{AD217D14-415E-42C5-9079-1264370F8102}.Debug|x86.ActiveCfg = Debug|x86
		{AD217D14-415E-42C5-9079-1264370F8102}.Debug|x86.Build.0 = Debug|x86
		{AD217D14-415E-42C5-9079-1264370F8102}.Debug|x86.Deploy.0 = Debug|x86
		{AD217D14-415E-42C5-9079-1264370F8102}.Release|Any CPU.ActiveCfg = Release|Any CPU
		{AD217D14-415E-42C5-9079-1264370F8102}.Release|Any CPU.Build.0 = Release|Any CPU
		{AD217D14-415E-42C5-9079-1264370F8102}.Release|Any CPU.Deploy.0 = Release|Any CPU
		{AD217D14-415E-42C5-9079-1264370F8102}.Release|ARM.ActiveCfg = Release|ARM
		{AD217D14-415E-42C5-9079-1264370F8102}.Release|ARM.Build.0 = Release|ARM
		{AD217D14-415E-42C5-9079-1264370F8102}.Release|ARM.Deploy.0 = Release|ARM
		{AD217D14-415E-42C5-9079-1264370F8102}.Release|x64.ActiveCfg = Release|Any CPU
		{AD217D14-415E-42C5-9079-1264370F8102}.Release|x64.Build.0 = Release|Any CPU
		{AD217D14-415E-42C5-9079-1264370F8102}.Release|x64.Deploy.0 = Release|Any CPU
		{AD217D14-415E-42C5-9079-1264370F8102}.Release|x86.ActiveCfg = Release|x86
		{AD217D14-415E-42C5-9079-1264370F8102}.Release|x86.Build.0 = Release|x86
		{AD217D14-415E-42C5-9079-1264370F8102}.Release|x86.Deploy.0 = Release|x86
		{D153CE14-F2F8-4EB6-8399-DB1B4BFC69C9}.Debug|Any CPU.ActiveCfg = Debug|Any CPU
		{D153CE14-F2F8-4EB6-8399-DB1B4BFC69C9}.Debug|Any CPU.Build.0 = Debug|Any CPU
		{D153CE14-F2F8-4EB6-8399-DB1B4BFC69C9}.Debug|Any CPU.Deploy.0 = Debug|Any CPU
		{D153CE14-F2F8-4EB6-8399-DB1B4BFC69C9}.Debug|ARM.ActiveCfg = Debug|ARM
		{D153CE14-F2F8-4EB6-8399-DB1B4BFC69C9}.Debug|ARM.Build.0 = Debug|ARM
		{D153CE14-F2F8-4EB6-8399-DB1B4BFC69C9}.Debug|ARM.Deploy.0 = Debug|ARM
		{D153CE14-F2F8-4EB6-8399-DB1B4BFC69C9}.Debug|x64.ActiveCfg = Debug|x64
		{D153CE14-F2F8-4EB6-8399-DB1B4BFC69C9}.Debug|x64.Build.0 = Debug|x64
		{D153CE14-F2F8-4EB6-8399-DB1B4BFC69C9}.Debug|x64.Deploy.0 = Debug|x64
		{D153CE14-F2F8-4EB6-8399-DB1B4BFC69C9}.Debug|x86.ActiveCfg = Debug|x86
		{D153CE14-F2F8-4EB6-8399-DB1B4BFC69C9}.Debug|x86.Build.0 = Debug|x86
		{D153CE14-F2F8-4EB6-8399-DB1B4BFC69C9}.Debug|x86.Deploy.0 = Debug|x86
		{D153CE14-F2F8-4EB6-8399-DB1B4BFC69C9}.Release|Any CPU.ActiveCfg = Release|Any CPU
		{D153CE14-F2F8-4EB6-8399-DB1B4BFC69C9}.Release|Any CPU.Build.0 = Release|Any CPU
		{D153CE14-F2F8-4EB6-8399-DB1B4BFC69C9}.Release|Any CPU.Deploy.0 = Release|Any CPU
		{D153CE14-F2F8-4EB6-8399-DB1B4BFC69C9}.Release|ARM.ActiveCfg = Release|ARM
		{D153CE14-F2F8-4EB6-8399-DB1B4BFC69C9}.Release|ARM.Build.0 = Release|ARM
		{D153CE14-F2F8-4EB6-8399-DB1B4BFC69C9}.Release|ARM.Deploy.0 = Release|ARM
		{D153CE14-F2F8-4EB6-8399-DB1B4BFC69C9}.Release|x64.ActiveCfg = Release|x64
		{D153CE14-F2F8-4EB6-8399-DB1B4BFC69C9}.Release|x64.Build.0 = Release|x64
		{D153CE14-F2F8-4EB6-8399-DB1B4BFC69C9}.Release|x64.Deploy.0 = Release|x64
		{D153CE14-F2F8-4EB6-8399-DB1B4BFC69C9}.Release|x86.ActiveCfg = Release|x86
		{D153CE14-F2F8-4EB6-8399-DB1B4BFC69C9}.Release|x86.Build.0 = Release|x86
		{D153CE14-F2F8-4EB6-8399-DB1B4BFC69C9}.Release|x86.Deploy.0 = Release|x86
		{7F0C5BC0-7B98-4F63-A7E7-C7588F1B0E97}.Debug|Any CPU.ActiveCfg = Debug|x86
		{7F0C5BC0-7B98-4F63-A7E7-C7588F1B0E97}.Debug|ARM.ActiveCfg = Debug|ARM
		{7F0C5BC0-7B98-4F63-A7E7-C7588F1B0E97}.Debug|ARM.Build.0 = Debug|ARM
		{7F0C5BC0-7B98-4F63-A7E7-C7588F1B0E97}.Debug|ARM.Deploy.0 = Debug|ARM
		{7F0C5BC0-7B98-4F63-A7E7-C7588F1B0E97}.Debug|x64.ActiveCfg = Debug|x64
		{7F0C5BC0-7B98-4F63-A7E7-C7588F1B0E97}.Debug|x64.Build.0 = Debug|x64
		{7F0C5BC0-7B98-4F63-A7E7-C7588F1B0E97}.Debug|x64.Deploy.0 = Debug|x64
		{7F0C5BC0-7B98-4F63-A7E7-C7588F1B0E97}.Debug|x86.ActiveCfg = Debug|x86
		{7F0C5BC0-7B98-4F63-A7E7-C7588F1B0E97}.Debug|x86.Build.0 = Debug|x86
		{7F0C5BC0-7B98-4F63-A7E7-C7588F1B0E97}.Debug|x86.Deploy.0 = Debug|x86
		{7F0C5BC0-7B98-4F63-A7E7-C7588F1B0E97}.Release|Any CPU.ActiveCfg = Release|x86
		{7F0C5BC0-7B98-4F63-A7E7-C7588F1B0E97}.Release|ARM.ActiveCfg = Release|ARM
		{7F0C5BC0-7B98-4F63-A7E7-C7588F1B0E97}.Release|ARM.Build.0 = Release|ARM
		{7F0C5BC0-7B98-4F63-A7E7-C7588F1B0E97}.Release|ARM.Deploy.0 = Release|ARM
		{7F0C5BC0-7B98-4F63-A7E7-C7588F1B0E97}.Release|x64.ActiveCfg = Release|x64
		{7F0C5BC0-7B98-4F63-A7E7-C7588F1B0E97}.Release|x64.Build.0 = Release|x64
		{7F0C5BC0-7B98-4F63-A7E7-C7588F1B0E97}.Release|x64.Deploy.0 = Release|x64
		{7F0C5BC0-7B98-4F63-A7E7-C7588F1B0E97}.Release|x86.ActiveCfg = Release|x86
		{7F0C5BC0-7B98-4F63-A7E7-C7588F1B0E97}.Release|x86.Build.0 = Release|x86
		{7F0C5BC0-7B98-4F63-A7E7-C7588F1B0E97}.Release|x86.Deploy.0 = Release|x86
		{714AB89D-2E01-4EE5-8F60-5EBF31CA01BF}.Debug|Any CPU.ActiveCfg = Debug|Any CPU
		{714AB89D-2E01-4EE5-8F60-5EBF31CA01BF}.Debug|Any CPU.Build.0 = Debug|Any CPU
		{714AB89D-2E01-4EE5-8F60-5EBF31CA01BF}.Debug|ARM.ActiveCfg = Debug|Any CPU
		{714AB89D-2E01-4EE5-8F60-5EBF31CA01BF}.Debug|ARM.Build.0 = Debug|Any CPU
		{714AB89D-2E01-4EE5-8F60-5EBF31CA01BF}.Debug|x64.ActiveCfg = Debug|Any CPU
		{714AB89D-2E01-4EE5-8F60-5EBF31CA01BF}.Debug|x64.Build.0 = Debug|Any CPU
		{714AB89D-2E01-4EE5-8F60-5EBF31CA01BF}.Debug|x86.ActiveCfg = Debug|Any CPU
		{714AB89D-2E01-4EE5-8F60-5EBF31CA01BF}.Debug|x86.Build.0 = Debug|Any CPU
		{714AB89D-2E01-4EE5-8F60-5EBF31CA01BF}.Release|Any CPU.ActiveCfg = Release|Any CPU
		{714AB89D-2E01-4EE5-8F60-5EBF31CA01BF}.Release|Any CPU.Build.0 = Release|Any CPU
		{714AB89D-2E01-4EE5-8F60-5EBF31CA01BF}.Release|ARM.ActiveCfg = Release|Any CPU
		{714AB89D-2E01-4EE5-8F60-5EBF31CA01BF}.Release|ARM.Build.0 = Release|Any CPU
		{714AB89D-2E01-4EE5-8F60-5EBF31CA01BF}.Release|x64.ActiveCfg = Release|Any CPU
		{714AB89D-2E01-4EE5-8F60-5EBF31CA01BF}.Release|x64.Build.0 = Release|Any CPU
		{714AB89D-2E01-4EE5-8F60-5EBF31CA01BF}.Release|x86.ActiveCfg = Release|Any CPU
		{714AB89D-2E01-4EE5-8F60-5EBF31CA01BF}.Release|x86.Build.0 = Release|Any CPU
		{949D409C-7334-4448-81F1-3FE228C4968F}.Debug|Any CPU.ActiveCfg = Debug|Any CPU
		{949D409C-7334-4448-81F1-3FE228C4968F}.Debug|Any CPU.Build.0 = Debug|Any CPU
		{949D409C-7334-4448-81F1-3FE228C4968F}.Debug|ARM.ActiveCfg = Debug|Any CPU
		{949D409C-7334-4448-81F1-3FE228C4968F}.Debug|ARM.Build.0 = Debug|Any CPU
		{949D409C-7334-4448-81F1-3FE228C4968F}.Debug|x64.ActiveCfg = Debug|Any CPU
		{949D409C-7334-4448-81F1-3FE228C4968F}.Debug|x64.Build.0 = Debug|Any CPU
		{949D409C-7334-4448-81F1-3FE228C4968F}.Debug|x86.ActiveCfg = Debug|Any CPU
		{949D409C-7334-4448-81F1-3FE228C4968F}.Debug|x86.Build.0 = Debug|Any CPU
		{949D409C-7334-4448-81F1-3FE228C4968F}.Release|Any CPU.ActiveCfg = Release|Any CPU
		{949D409C-7334-4448-81F1-3FE228C4968F}.Release|Any CPU.Build.0 = Release|Any CPU
		{949D409C-7334-4448-81F1-3FE228C4968F}.Release|ARM.ActiveCfg = Release|Any CPU
		{949D409C-7334-4448-81F1-3FE228C4968F}.Release|ARM.Build.0 = Release|Any CPU
		{949D409C-7334-4448-81F1-3FE228C4968F}.Release|x64.ActiveCfg = Release|Any CPU
		{949D409C-7334-4448-81F1-3FE228C4968F}.Release|x64.Build.0 = Release|Any CPU
		{949D409C-7334-4448-81F1-3FE228C4968F}.Release|x86.ActiveCfg = Release|Any CPU
		{949D409C-7334-4448-81F1-3FE228C4968F}.Release|x86.Build.0 = Release|Any CPU
	EndGlobalSection
	GlobalSection(SolutionProperties) = preSolution
		HideSolutionNode = FALSE
	EndGlobalSection
EndGlobal
